
Microsoft Visual Studio Solution File, Format Version 12.00
# Visual Studio Version 16
VisualStudioVersion = 16.0.30804.86
MinimumVisualStudioVersion = 10.0.40219.1
Project("{FAE04EC0-301F-11D3-BF4B-00C04F79EFBC}") = "YashAPI", "YashAPI\YashAPI.csproj", "{BF7F1203-00DA-4B44-A9E5-EF0488FE8C5F}"
EndProject
Global
	GlobalSection(SolutionConfigurationPlatforms) = preSolution
		Debug|Any CPU = Debug|Any CPU
		Release|Any CPU = Release|Any CPU
	EndGlobalSection
	GlobalSection(ProjectConfigurationPlatforms) = postSolution
		{BF7F1203-00DA-4B44-A9E5-EF0488FE8C5F}.Debug|Any CPU.ActiveCfg = Debug|Any CPU
		{BF7F1203-00DA-4B44-A9E5-EF0488FE8C5F}.Debug|Any CPU.Build.0 = Debug|Any CPU
		{BF7F1203-00DA-4B44-A9E5-EF0488FE8C5F}.Release|Any CPU.ActiveCfg = Release|Any CPU
		{BF7F1203-00DA-4B44-A9E5-EF0488FE8C5F}.Release|Any CPU.Build.0 = Release|Any CPU
	EndGlobalSection
	GlobalSection(SolutionProperties) = preSolution
		HideSolutionNode = FALSE
	EndGlobalSection
	GlobalSection(ExtensibilityGlobals) = postSolution
		SolutionGuid = {8DF998F7-7421-41EE-80A9-74711D8130A8}
	EndGlobalSection
EndGlobal
